
Microsoft Visual Studio Solution File, Format Version 12.00
# Visual Studio Version 17
VisualStudioVersion = 17.9.34616.47
MinimumVisualStudioVersion = 10.0.40219.1
Project("{FAE04EC0-301F-11D3-BF4B-00C04F79EFBC}") = "csharp_app_2", "csharp_app_2.csproj", "{39561CB8-3633-497B-9BE4-ED23D9D8931F}"
EndProject
Global
	GlobalSection(SolutionConfigurationPlatforms) = preSolution
		Debug|Any CPU = Debug|Any CPU
		Release|Any CPU = Release|Any CPU
	EndGlobalSection
	GlobalSection(ProjectConfigurationPlatforms) = postSolution
		{39561CB8-3633-497B-9BE4-ED23D9D8931F}.Debug|Any CPU.ActiveCfg = Debug|Any CPU
		{39561CB8-3633-497B-9BE4-ED23D9D8931F}.Debug|Any CPU.Build.0 = Debug|Any CPU
		{39561CB8-3633-497B-9BE4-ED23D9D8931F}.Release|Any CPU.ActiveCfg = Release|Any CPU
		{39561CB8-3633-497B-9BE4-ED23D9D8931F}.Release|Any CPU.Build.0 = Release|Any CPU
	EndGlobalSection
	GlobalSection(SolutionProperties) = preSolution
		HideSolutionNode = FALSE
	EndGlobalSection
	GlobalSection(ExtensibilityGlobals) = postSolution
		SolutionGuid = {034AEB63-AB8C-442B-BF4B-86E03BFF687D}
	EndGlobalSection
EndGlobal
